<?xml version="1.0" encoding="utf-8"?>
<Project ToolsVersion="4.0" xmlns="http://schemas.microsoft.com/developer/msbuild/2003">
  <ItemGroup>
    <Filter Include="Source Files">
      <UniqueIdentifier>{4FC737F1-C7A5-4376-A066-2A32D752A2FF}</UniqueIdentifier>
      <Extensions>cpp;c;cc;cxx;c++;cppm;ixx;def;odl;idl;hpj;bat;asm;asmx</Extensions>
    </Filter>
    <Filter Include="Header Files">
      <UniqueIdentifier>{93995380-89BD-4b04-88EB-625FBE52EBFB}</UniqueIdentifier>
      <Extensions>h;hh;hpp;hxx;h++;hm;inl;inc;ipp;xsd</Extensions>
    </Filter>
    <Filter Include="Resource Files">
      <UniqueIdentifier>{67DA6AB6-F800-4c08-8B7A-83BB121AAD01}</UniqueIdentifier>
      <Extensions>rc;ico;cur;bmp;dlg;rc2;rct;bin;rgs;gif;jpg;jpeg;jpe;resx;tiff;tif;png;wav;mfcribbon-ms</Extensions>
    </Filter>
    <Filter Include="Header Files\Lighting">
      <UniqueIdentifier>{75355a1c-5248-4a1e-bd69-fb591045ea9f}</UniqueIdentifier>
    </Filter>
    <Filter Include="Source Files\Objects">
      <UniqueIdentifier>{8de976df-ed4e-4b35-b74c-d0f26dcc03dc}</UniqueIdentifier>
    </Filter>
    <Filter Include="Header Files\Objects">
      <UniqueIdentifier>{2677f4e8-914b-4740-8024-e394906497cf}</UniqueIdentifier>
    </Filter>
    <Filter Include="Header Files\World">
      <UniqueIdentifier>{8631d001-8659-4bd6-8c74-7e7aa5f1995a}</UniqueIdentifier>
    </Filter>
    <Filter Include="Source Files\World">
      <UniqueIdentifier>{db8d41c2-a0b3-48a7-8fa6-3b2731be9d02}</UniqueIdentifier>
    </Filter>
    <Filter Include="Source Files\third-party">
      <UniqueIdentifier>{e324ee03-b510-481e-a928-b03eadc154ea}</UniqueIdentifier>
    </Filter>
    <Filter Include="Source Files\Shaders">
      <UniqueIdentifier>{5ba01b1c-93d4-45a9-a734-54fc11d6e60f}</UniqueIdentifier>
    </Filter>
    <Filter Include="Source Files\third-party\STB Image">
      <UniqueIdentifier>{2daf179a-046c-4364-990e-75967b1c8906}</UniqueIdentifier>
    </Filter>
    <Filter Include="Header Files\third-party">
      <UniqueIdentifier>{a8afb3d3-9c63-467e-a192-47b9259afab5}</UniqueIdentifier>
    </Filter>
    <Filter Include="Source Files\Lighting">
      <UniqueIdentifier>{46602195-b54d-46f2-85e6-8dba1f1f4880}</UniqueIdentifier>
    </Filter>
    <Filter Include="Source Files\Shaders\Fragment">
      <UniqueIdentifier>{85b8473d-d087-4ffa-9910-eb081b3a1292}</UniqueIdentifier>
    </Filter>
    <Filter Include="Source Files\Shaders\Vertex">
      <UniqueIdentifier>{fbe2929e-6638-4b51-869d-fc61d8e3c87c}</UniqueIdentifier>
    </Filter>
    <Filter Include="Source Files\Shaders\Geometry">
      <UniqueIdentifier>{573aa751-e10c-404f-b9a4-a8f68ef0778d}</UniqueIdentifier>
    </Filter>
    <Filter Include="Header Files\FBOs">
      <UniqueIdentifier>{cd54530e-5558-42a1-8eeb-a079dc134841}</UniqueIdentifier>
    </Filter>
    <Filter Include="Source Files\FBOs">
      <UniqueIdentifier>{fabd62b2-1db3-4fa6-a10b-ea2bc2b6adab}</UniqueIdentifier>
    </Filter>
    <Filter Include="Header Files\UI">
      <UniqueIdentifier>{38df8013-15b5-4b65-999f-505ff97cbc21}</UniqueIdentifier>
    </Filter>
    <Filter Include="Source Files\UI">
      <UniqueIdentifier>{f8882871-c361-49aa-9cce-4327afcdc373}</UniqueIdentifier>
    </Filter>
    <Filter Include="Source Files\UI\ImGui">
      <UniqueIdentifier>{4b50ff9f-7ca0-4dc5-a8d1-27dc56004d3f}</UniqueIdentifier>
    </Filter>
  </ItemGroup>
  <ItemGroup>
    <ClCompile Include="src\main.cpp">
      <Filter>Source Files</Filter>
    </ClCompile>
    <ClCompile Include="src\stb_image.cpp">
      <Filter>Source Files\third-party\STB Image</Filter>
    </ClCompile>
    <ClCompile Include="src\stb_image_write.cpp">
      <Filter>Source Files\third-party\STB Image</Filter>
    </ClCompile>
    <ClCompile Include="src\Camera.cpp">
      <Filter>Source Files\World</Filter>
    </ClCompile>
    <ClCompile Include="third party\includes\glad\glad.c">
      <Filter>Source Files\third-party</Filter>
    </ClCompile>
    <ClCompile Include="third party\includes\imgui\imgui.cpp">
      <Filter>Source Files\UI\ImGui</Filter>
    </ClCompile>
    <ClCompile Include="third party\includes\imgui\imgui_demo.cpp">
      <Filter>Source Files\UI\ImGui</Filter>
    </ClCompile>
    <ClCompile Include="third party\includes\imgui\imgui_draw.cpp">
      <Filter>Source Files\UI\ImGui</Filter>
    </ClCompile>
    <ClCompile Include="third party\includes\imgui\imgui_impl_glfw.cpp">
      <Filter>Source Files\UI\ImGui</Filter>
    </ClCompile>
    <ClCompile Include="third party\includes\imgui\imgui_impl_opengl3.cpp">
      <Filter>Source Files\UI\ImGui</Filter>
    </ClCompile>
    <ClCompile Include="third party\includes\imgui\imgui_tables.cpp">
      <Filter>Source Files\UI\ImGui</Filter>
    </ClCompile>
    <ClCompile Include="third party\includes\imgui\imgui_widgets.cpp">
      <Filter>Source Files\UI\ImGui</Filter>
    </ClCompile>
    <ClCompile Include="src\FBOs\Framebuffer.cpp">
      <Filter>Source Files\FBOs</Filter>
    </ClCompile>
    <ClCompile Include="src\FBOs\SSAOBlurBuffer.cpp">
      <Filter>Source Files\FBOs</Filter>
    </ClCompile>
    <ClCompile Include="src\FBOs\SSAOBuffer.cpp">
      <Filter>Source Files\FBOs</Filter>
    </ClCompile>
    <ClCompile Include="src\FBOs\GBuffer.cpp">
      <Filter>Source Files\FBOs</Filter>
    </ClCompile>
    <ClCompile Include="src\Lighting\DirectionalLight.cpp">
      <Filter>Source Files\Lighting</Filter>
    </ClCompile>
    <ClCompile Include="src\Lighting\Light.cpp">
      <Filter>Source Files\Lighting</Filter>
    </ClCompile>
    <ClCompile Include="src\Lighting\LightController.cpp">
      <Filter>Source Files\Lighting</Filter>
    </ClCompile>
    <ClCompile Include="src\Lighting\PointLight.cpp">
      <Filter>Source Files\Lighting</Filter>
    </ClCompile>
    <ClCompile Include="src\Lighting\Shader.cpp">
      <Filter>Source Files\Lighting</Filter>
    </ClCompile>
    <ClCompile Include="src\Lighting\ShadowMap.cpp">
      <Filter>Source Files\Lighting</Filter>
    </ClCompile>
    <ClCompile Include="src\Lighting\SpotLight.cpp">
      <Filter>Source Files\Lighting</Filter>
    </ClCompile>
    <ClCompile Include="src\Objects\Cube.cpp">
      <Filter>Source Files\Objects</Filter>
    </ClCompile>
    <ClCompile Include="src\Objects\Mesh.cpp">
      <Filter>Source Files\Objects</Filter>
    </ClCompile>
    <ClCompile Include="src\Objects\Model.cpp">
      <Filter>Source Files\Objects</Filter>
    </ClCompile>
    <ClCompile Include="src\Objects\Object.cpp">
      <Filter>Source Files\Objects</Filter>
    </ClCompile>
    <ClCompile Include="src\Objects\ObjectTypes.cpp">
      <Filter>Source Files\Objects</Filter>
    </ClCompile>
    <ClCompile Include="src\Objects\Plane.cpp">
      <Filter>Source Files\Objects</Filter>
    </ClCompile>
    <ClCompile Include="src\Objects\SkyBox.cpp">
      <Filter>Source Files\Objects</Filter>
    </ClCompile>
    <ClCompile Include="src\Objects\Sphere.cpp">
      <Filter>Source Files\Objects</Filter>
    </ClCompile>
    <ClCompile Include="src\Objects\Texture.cpp">
      <Filter>Source Files\Objects</Filter>
    </ClCompile>
    <ClCompile Include="src\World\Scene.cpp">
      <Filter>Source Files\World</Filter>
    </ClCompile>
    <ClCompile Include="src\UI\GUI.cpp">
      <Filter>Source Files\UI</Filter>
    </ClCompile>
    <ClCompile Include="src\UI\LightingPanel.cpp">
      <Filter>Source Files\UI</Filter>
    </ClCompile>
    <ClCompile Include="src\UI\SceneObjectsPanel.cpp">
      <Filter>Source Files\UI</Filter>
    </ClCompile>
    <ClCompile Include="src\UI\SkyBoxPanel.cpp">
      <Filter>Source Files\UI</Filter>
    </ClCompile>
    <ClCompile Include="src\Objects\Transform.cpp">
      <Filter>Source Files\Objects</Filter>
    </ClCompile>
    <ClCompile Include="src\Objects\Material.cpp">
      <Filter>Source Files\Objects</Filter>
    </ClCompile>
  </ItemGroup>
  <ItemGroup>
    <ClInclude Include="third party\includes\imgui\imconfig.h">
      <Filter>Header Files\third-party</Filter>
    </ClInclude>
    <ClInclude Include="third party\includes\imgui\imgui.h">
      <Filter>Header Files\third-party</Filter>
    </ClInclude>
    <ClInclude Include="third party\includes\imgui\imgui_impl_glfw.h">
      <Filter>Header Files\third-party</Filter>
    </ClInclude>
    <ClInclude Include="third party\includes\imgui\imgui_impl_opengl3.h">
      <Filter>Header Files\third-party</Filter>
    </ClInclude>
    <ClInclude Include="third party\includes\imgui\imgui_impl_opengl3_loader.h">
      <Filter>Header Files\third-party</Filter>
    </ClInclude>
    <ClInclude Include="third party\includes\imgui\imgui_internal.h">
      <Filter>Header Files\third-party</Filter>
    </ClInclude>
    <ClInclude Include="third party\includes\imgui\imstb_rectpack.h">
      <Filter>Header Files\third-party</Filter>
    </ClInclude>
    <ClInclude Include="third party\includes\imgui\imstb_textedit.h">
      <Filter>Header Files\third-party</Filter>
    </ClInclude>
    <ClInclude Include="third party\includes\imgui\imstb_truetype.h">
      <Filter>Header Files\third-party</Filter>
    </ClInclude>
    <ClInclude Include="include\UI\GUI.h">
      <Filter>Header Files\UI</Filter>
    </ClInclude>
    <ClInclude Include="include\UI\LightingPanel.h">
      <Filter>Header Files\UI</Filter>
    </ClInclude>
    <ClInclude Include="include\UI\SceneObjectsPanel.h">
      <Filter>Header Files\UI</Filter>
    </ClInclude>
    <ClInclude Include="include\UI\SkyBoxPanel.h">
      <Filter>Header Files\UI</Filter>
    </ClInclude>
    <ClInclude Include="include\UI\UIContext.h">
      <Filter>Header Files\UI</Filter>
    </ClInclude>
    <ClInclude Include="include\Lighting\DirectionalLight.h">
      <Filter>Header Files\Lighting</Filter>
    </ClInclude>
    <ClInclude Include="include\Lighting\Light.h">
      <Filter>Header Files\Lighting</Filter>
    </ClInclude>
    <ClInclude Include="include\Lighting\LightController.h">
      <Filter>Header Files\Lighting</Filter>
    </ClInclude>
    <ClInclude Include="include\Lighting\PointLight.h">
      <Filter>Header Files\Lighting</Filter>
    </ClInclude>
    <ClInclude Include="include\Lighting\ShadowMap.h">
      <Filter>Header Files\Lighting</Filter>
    </ClInclude>
    <ClInclude Include="include\Lighting\SpotLight.h">
      <Filter>Header Files\Lighting</Filter>
    </ClInclude>
    <ClInclude Include="include\Objects\Cube.h">
      <Filter>Header Files\Objects</Filter>
    </ClInclude>
    <ClInclude Include="include\Objects\Mesh.h">
      <Filter>Header Files\Objects</Filter>
    </ClInclude>
    <ClInclude Include="include\Objects\Model.h">
      <Filter>Header Files\Objects</Filter>
    </ClInclude>
    <ClInclude Include="include\Objects\Object.h">
      <Filter>Header Files\Objects</Filter>
    </ClInclude>
    <ClInclude Include="include\Objects\ObjectTypes.h">
      <Filter>Header Files\Objects</Filter>
    </ClInclude>
    <ClInclude Include="include\Objects\Plane.h">
      <Filter>Header Files\Objects</Filter>
    </ClInclude>
    <ClInclude Include="include\Objects\SkyBox.h">
      <Filter>Header Files\Objects</Filter>
    </ClInclude>
    <ClInclude Include="include\Objects\Sphere.h">
      <Filter>Header Files\Objects</Filter>
    </ClInclude>
    <ClInclude Include="include\Objects\Texture.h">
      <Filter>Header Files\Objects</Filter>
    </ClInclude>
    <ClInclude Include="include\Objects\Vertex.h">
      <Filter>Header Files\Objects</Filter>
    </ClInclude>
    <ClInclude Include="include\World\Scene.h">
      <Filter>Header Files\World</Filter>
    </ClInclude>
    <ClInclude Include="include\Camera.h">
      <Filter>Header Files</Filter>
    </ClInclude>
    <ClInclude Include="include\Lighting\Shader.h">
      <Filter>Header Files\Lighting</Filter>
    </ClInclude>
    <ClInclude Include="include\DebugUtils.h">
      <Filter>Header Files</Filter>
    </ClInclude>
    <ClInclude Include="include\FBOs\Framebuffer.h">
      <Filter>Header Files\FBOs</Filter>
    </ClInclude>
    <ClInclude Include="include\FBOs\GBuffer.h">
      <Filter>Header Files\FBOs</Filter>
    </ClInclude>
    <ClInclude Include="include\FBOs\SSAOBlurBuffer.h">
      <Filter>Header Files\FBOs</Filter>
    </ClInclude>
    <ClInclude Include="include\FBOs\SSAOBuffer.h">
      <Filter>Header Files\FBOs</Filter>
    </ClInclude>
    <ClInclude Include="include\Objects\Transform.h">
      <Filter>Header Files\Objects</Filter>
    </ClInclude>
    <ClInclude Include="include\Objects\Material.h">
      <Filter>Header Files\Objects</Filter>
    </ClInclude>
  </ItemGroup>
  <ItemGroup>
    <None Include="shaders\SkyBoxShader.frag">
      <Filter>Source Files\Shaders\Fragment</Filter>
    </None>
    <None Include="shaders\SkyBoxShader.vert">
      <Filter>Source Files\Shaders\Vertex</Filter>
    </None>
    <None Include="shaders\debug_quad.vert">
      <Filter>Source Files\Shaders\Vertex</Filter>
    </None>
    <None Include="shaders\debug_quad_depth.frag">
      <Filter>Source Files\Shaders\Fragment</Filter>
    </None>
    <None Include="shaders\lightingShader.frag">
      <Filter>Source Files\Shaders\Fragment</Filter>
    </None>
    <None Include="shaders\lightingShader.vert">
      <Filter>Source Files\Shaders\Vertex</Filter>
    </None>
    <None Include="shaders\pointLightShader.frag">
      <Filter>Source Files\Shaders\Fragment</Filter>
    </None>
    <None Include="shaders\pointLightShader.vert">
      <Filter>Source Files\Shaders\Vertex</Filter>
    </None>
    <None Include="shaders\visualizeNormals.gs">
      <Filter>Source Files\Shaders\Geometry</Filter>
    </None>
    <None Include="shaders\depthShader.frag">
      <Filter>Source Files\Shaders\Fragment</Filter>
    </None>
    <None Include="shaders\depthShader.vert">
      <Filter>Source Files\Shaders\Vertex</Filter>
    </None>
    <None Include="shaders\visualizeNormals.frag">
      <Filter>Source Files\Shaders\Fragment</Filter>
    </None>
    <None Include="shaders\visualizeNormals.vert">
      <Filter>Source Files\Shaders\Vertex</Filter>
    </None>
    <None Include="shaders\testShader.fs">
      <Filter>Source Files\Shaders\Fragment</Filter>
    </None>
    <None Include="shaders\testShader.vs">
      <Filter>Source Files\Shaders\Vertex</Filter>
    </None>
    <None Include="shaders\depthShader.gs">
      <Filter>Source Files\Shaders\Geometry</Filter>
    </None>
    <None Include="shaders\deferredLighting.vert">
      <Filter>Source Files\Shaders\Vertex</Filter>
    </None>
    <None Include="shaders\deferredLighting.frag">
      <Filter>Source Files\Shaders\Fragment</Filter>
    </None>
    <None Include="shaders\ssao.frag">
      <Filter>Source Files\Shaders\Fragment</Filter>
    </None>
    <None Include="shaders\ssaoBlur.frag">
      <Filter>Source Files\Shaders\Fragment</Filter>
    </None>
    <None Include="shaders\ssao.vert">
      <Filter>Source Files\Shaders\Vertex</Filter>
    </None>
    <None Include="shaders\ssaoBlur.vert">
      <Filter>Source Files\Shaders\Vertex</Filter>
    </None>
    <None Include="shaders\gBuffer.frag">
      <Filter>Source Files\Shaders\Fragment</Filter>
    </None>
    <None Include="shaders\gBufferDebug.frag">
      <Filter>Source Files\Shaders\Fragment</Filter>
    </None>
    <None Include="shaders\gBuffer.vert">
      <Filter>Source Files\Shaders\Vertex</Filter>
    </None>
    <None Include="shaders\gBufferDebug.vert">
      <Filter>Source Files\Shaders\Vertex</Filter>
    </None>
  </ItemGroup>
</Project>
