<?xml version="1.0" encoding="utf-8"?>
<Project ToolsVersion="4.0" xmlns="http://schemas.microsoft.com/developer/msbuild/2003">
  <ItemGroup>
    <Filter Include="Source Files">
      <UniqueIdentifier>{4FC737F1-C7A5-4376-A066-2A32D752A2FF}</UniqueIdentifier>
      <Extensions>cpp;c;cc;cxx;c++;cppm;ixx;def;odl;idl;hpj;bat;asm;asmx</Extensions>
    </Filter>
    <Filter Include="Header Files">
      <UniqueIdentifier>{93995380-89BD-4b04-88EB-625FBE52EBFB}</UniqueIdentifier>
      <Extensions>h;hh;hpp;hxx;h++;hm;inl;inc;ipp;xsd</Extensions>
    </Filter>
    <Filter Include="Resource Files">
      <UniqueIdentifier>{67DA6AB6-F800-4c08-8B7A-83BB121AAD01}</UniqueIdentifier>
      <Extensions>rc;ico;cur;bmp;dlg;rc2;rct;bin;rgs;gif;jpg;jpeg;jpe;resx;tiff;tif;png;wav;mfcribbon-ms</Extensions>
    </Filter>
    <Filter Include="Header Files\Lighting">
      <UniqueIdentifier>{75355a1c-5248-4a1e-bd69-fb591045ea9f}</UniqueIdentifier>
    </Filter>
    <Filter Include="Source Files\Objects">
      <UniqueIdentifier>{8de976df-ed4e-4b35-b74c-d0f26dcc03dc}</UniqueIdentifier>
    </Filter>
    <Filter Include="Header Files\Objects">
      <UniqueIdentifier>{2677f4e8-914b-4740-8024-e394906497cf}</UniqueIdentifier>
    </Filter>
    <Filter Include="Header Files\Physics">
      <UniqueIdentifier>{3cc2a307-e172-47c3-8709-f1af105dba78}</UniqueIdentifier>
    </Filter>
    <Filter Include="Source Files\Physics">
      <UniqueIdentifier>{3e9b003d-378e-4bfb-94df-04f983ce80bd}</UniqueIdentifier>
    </Filter>
    <Filter Include="Header Files\World">
      <UniqueIdentifier>{8631d001-8659-4bd6-8c74-7e7aa5f1995a}</UniqueIdentifier>
    </Filter>
    <Filter Include="Source Files\GUI">
      <UniqueIdentifier>{f8882871-c361-49aa-9cce-4327afcdc373}</UniqueIdentifier>
    </Filter>
    <Filter Include="Header Files\GUI">
      <UniqueIdentifier>{38df8013-15b5-4b65-999f-505ff97cbc21}</UniqueIdentifier>
    </Filter>
    <Filter Include="Source Files\World">
      <UniqueIdentifier>{db8d41c2-a0b3-48a7-8fa6-3b2731be9d02}</UniqueIdentifier>
    </Filter>
    <Filter Include="Source Files\third-party">
      <UniqueIdentifier>{e324ee03-b510-481e-a928-b03eadc154ea}</UniqueIdentifier>
    </Filter>
    <Filter Include="Source Files\Shaders">
      <UniqueIdentifier>{5ba01b1c-93d4-45a9-a734-54fc11d6e60f}</UniqueIdentifier>
    </Filter>
    <Filter Include="Source Files\third-party\STB Image">
      <UniqueIdentifier>{2daf179a-046c-4364-990e-75967b1c8906}</UniqueIdentifier>
    </Filter>
    <Filter Include="Source Files\GUI\ImGui">
      <UniqueIdentifier>{4b50ff9f-7ca0-4dc5-a8d1-27dc56004d3f}</UniqueIdentifier>
    </Filter>
    <Filter Include="Header Files\third-party">
      <UniqueIdentifier>{a8afb3d3-9c63-467e-a192-47b9259afab5}</UniqueIdentifier>
    </Filter>
    <Filter Include="Source Files\Lighting">
      <UniqueIdentifier>{46602195-b54d-46f2-85e6-8dba1f1f4880}</UniqueIdentifier>
    </Filter>
  </ItemGroup>
  <ItemGroup>
    <ClCompile Include="src\main.cpp">
      <Filter>Source Files</Filter>
    </ClCompile>
    <ClCompile Include="src\Shader.cpp">
      <Filter>Source Files\Shaders</Filter>
    </ClCompile>
    <ClCompile Include="src\stb_image.cpp">
      <Filter>Source Files\third-party\STB Image</Filter>
    </ClCompile>
    <ClCompile Include="src\stb_image_write.cpp">
      <Filter>Source Files\third-party\STB Image</Filter>
    </ClCompile>
    <ClCompile Include="src\GUI.cpp">
      <Filter>Source Files\GUI</Filter>
    </ClCompile>
    <ClCompile Include="src\Cube.cpp">
      <Filter>Source Files\Objects</Filter>
    </ClCompile>
    <ClCompile Include="src\Mesh.cpp">
      <Filter>Source Files\Objects</Filter>
    </ClCompile>
    <ClCompile Include="src\Model.cpp">
      <Filter>Source Files\Objects</Filter>
    </ClCompile>
    <ClCompile Include="src\Object.cpp">
      <Filter>Source Files\Objects</Filter>
    </ClCompile>
    <ClCompile Include="src\Plane.cpp">
      <Filter>Source Files\Objects</Filter>
    </ClCompile>
    <ClCompile Include="src\Sphere.cpp">
      <Filter>Source Files\Objects</Filter>
    </ClCompile>
    <ClCompile Include="src\PhysicsWorld.cpp">
      <Filter>Source Files\Physics</Filter>
    </ClCompile>
    <ClCompile Include="src\Camera.cpp">
      <Filter>Source Files\World</Filter>
    </ClCompile>
    <ClCompile Include="src\Scene.cpp">
      <Filter>Source Files\World</Filter>
    </ClCompile>
    <ClCompile Include="src\SkyBox.cpp">
      <Filter>Source Files\World</Filter>
    </ClCompile>
    <ClCompile Include="src\Texture.cpp">
      <Filter>Source Files</Filter>
    </ClCompile>
    <ClCompile Include="src\TextureManager.cpp">
      <Filter>Source Files</Filter>
    </ClCompile>
    <ClCompile Include="third party\includes\glad\glad.c">
      <Filter>Source Files\third-party</Filter>
    </ClCompile>
    <ClCompile Include="third party\includes\imgui\imgui.cpp">
      <Filter>Source Files\GUI\ImGui</Filter>
    </ClCompile>
    <ClCompile Include="third party\includes\imgui\imgui_demo.cpp">
      <Filter>Source Files\GUI\ImGui</Filter>
    </ClCompile>
    <ClCompile Include="third party\includes\imgui\imgui_draw.cpp">
      <Filter>Source Files\GUI\ImGui</Filter>
    </ClCompile>
    <ClCompile Include="third party\includes\imgui\imgui_impl_glfw.cpp">
      <Filter>Source Files\GUI\ImGui</Filter>
    </ClCompile>
    <ClCompile Include="third party\includes\imgui\imgui_impl_opengl3.cpp">
      <Filter>Source Files\GUI\ImGui</Filter>
    </ClCompile>
    <ClCompile Include="third party\includes\imgui\imgui_tables.cpp">
      <Filter>Source Files\GUI\ImGui</Filter>
    </ClCompile>
    <ClCompile Include="third party\includes\imgui\imgui_widgets.cpp">
      <Filter>Source Files\GUI\ImGui</Filter>
    </ClCompile>
    <ClCompile Include="src\DirectionalLight.cpp">
      <Filter>Source Files\Lighting</Filter>
    </ClCompile>
    <ClCompile Include="src\LightController.cpp">
      <Filter>Source Files\Lighting</Filter>
    </ClCompile>
    <ClCompile Include="src\PointLight.cpp">
      <Filter>Source Files\Lighting</Filter>
    </ClCompile>
    <ClCompile Include="src\ShadowMap.cpp">
      <Filter>Source Files\Lighting</Filter>
    </ClCompile>
    <ClCompile Include="src\SpotLight.cpp">
      <Filter>Source Files\Lighting</Filter>
    </ClCompile>
  </ItemGroup>
  <ItemGroup>
    <ClInclude Include="src\Cube.h">
      <Filter>Header Files\Objects</Filter>
    </ClInclude>
    <ClInclude Include="src\Mesh.h">
      <Filter>Header Files\Objects</Filter>
    </ClInclude>
    <ClInclude Include="src\Model.h">
      <Filter>Header Files\Objects</Filter>
    </ClInclude>
    <ClInclude Include="src\Object.h">
      <Filter>Header Files\Objects</Filter>
    </ClInclude>
    <ClInclude Include="src\Plane.h">
      <Filter>Header Files\Objects</Filter>
    </ClInclude>
    <ClInclude Include="src\Sphere.h">
      <Filter>Header Files\Objects</Filter>
    </ClInclude>
    <ClInclude Include="src\DirectionalLight.h">
      <Filter>Header Files\Lighting</Filter>
    </ClInclude>
    <ClInclude Include="src\LightController.h">
      <Filter>Header Files\Lighting</Filter>
    </ClInclude>
    <ClInclude Include="src\PointLight.h">
      <Filter>Header Files\Lighting</Filter>
    </ClInclude>
    <ClInclude Include="src\ShadowMap.h">
      <Filter>Header Files\Lighting</Filter>
    </ClInclude>
    <ClInclude Include="src\SpotLight.h">
      <Filter>Header Files\Lighting</Filter>
    </ClInclude>
    <ClInclude Include="src\GUI.h">
      <Filter>Header Files\GUI</Filter>
    </ClInclude>
    <ClInclude Include="src\PhysicsWorld.h">
      <Filter>Header Files\Physics</Filter>
    </ClInclude>
    <ClInclude Include="src\Camera.h">
      <Filter>Header Files\World</Filter>
    </ClInclude>
    <ClInclude Include="src\Scene.h">
      <Filter>Header Files\World</Filter>
    </ClInclude>
    <ClInclude Include="src\SkyBox.h">
      <Filter>Header Files\World</Filter>
    </ClInclude>
    <ClInclude Include="src\Texture.h">
      <Filter>Header Files</Filter>
    </ClInclude>
    <ClInclude Include="src\TextureManager.h">
      <Filter>Header Files</Filter>
    </ClInclude>
    <ClInclude Include="src\DebugUtils.h">
      <Filter>Header Files</Filter>
    </ClInclude>
    <ClInclude Include="src\Shader.h">
      <Filter>Header Files</Filter>
    </ClInclude>
    <ClInclude Include="third party\includes\imgui\imconfig.h">
      <Filter>Header Files\third-party</Filter>
    </ClInclude>
    <ClInclude Include="third party\includes\imgui\imgui.h">
      <Filter>Header Files\third-party</Filter>
    </ClInclude>
    <ClInclude Include="third party\includes\imgui\imgui_impl_glfw.h">
      <Filter>Header Files\third-party</Filter>
    </ClInclude>
    <ClInclude Include="third party\includes\imgui\imgui_impl_opengl3.h">
      <Filter>Header Files\third-party</Filter>
    </ClInclude>
    <ClInclude Include="third party\includes\imgui\imgui_impl_opengl3_loader.h">
      <Filter>Header Files\third-party</Filter>
    </ClInclude>
    <ClInclude Include="third party\includes\imgui\imgui_internal.h">
      <Filter>Header Files\third-party</Filter>
    </ClInclude>
    <ClInclude Include="third party\includes\imgui\imstb_rectpack.h">
      <Filter>Header Files\third-party</Filter>
    </ClInclude>
    <ClInclude Include="third party\includes\imgui\imstb_textedit.h">
      <Filter>Header Files\third-party</Filter>
    </ClInclude>
    <ClInclude Include="third party\includes\imgui\imstb_truetype.h">
      <Filter>Header Files\third-party</Filter>
    </ClInclude>
  </ItemGroup>
  <ItemGroup>
    <None Include="shaders\shadow_mapping_depth.vert">
      <Filter>Source Files\Shaders</Filter>
    </None>
    <None Include="shaders\shadow_mapping_depth.frag">
      <Filter>Source Files\Shaders</Filter>
    </None>
    <None Include="shaders\pointLightShader.vert">
      <Filter>Source Files\Shaders</Filter>
    </None>
    <None Include="shaders\pointLightShader.frag">
      <Filter>Source Files\Shaders</Filter>
    </None>
    <None Include="shaders\lightingShader.vert">
      <Filter>Source Files\Shaders</Filter>
    </None>
    <None Include="shaders\lightingShader.frag">
      <Filter>Source Files\Shaders</Filter>
    </None>
    <None Include="shaders\debug_quad_depth.frag">
      <Filter>Source Files\Shaders</Filter>
    </None>
    <None Include="shaders\debug_quad.vert">
      <Filter>Source Files\Shaders</Filter>
    </None>
    <None Include="shaders\cubeMapShader.vert">
      <Filter>Source Files\Shaders</Filter>
    </None>
    <None Include="shaders\cubeMapShader.frag">
      <Filter>Source Files\Shaders</Filter>
    </None>
  </ItemGroup>
</Project>